Microsoft Visual Studio Solution File, Format Version 10.00
# Visual Studio 2008

Project("{F3509727-948F-828F-254D-94C119507762}") = "CarePackage", "Assembly-UnityScript.unityproj", "{F2547316-CA7B-5EA3-D420-4BB58D8540FA}"
EndProject
Global
	GlobalSection(SolutionConfigurationPlatforms) = preSolution
		Debug|Any CPU = Debug|Any CPU
		Release|Any CPU = Release|Any CPU
	EndGlobalSection
	GlobalSection(ProjectConfigurationPlatforms) = postSolution
		{F2547316-CA7B-5EA3-D420-4BB58D8540FA}.Debug|Any CPU.ActiveCfg = Debug|Any CPU
		{F2547316-CA7B-5EA3-D420-4BB58D8540FA}.Debug|Any CPU.Build.0 = Debug|Any CPU
		{F2547316-CA7B-5EA3-D420-4BB58D8540FA}.Release|Any CPU.ActiveCfg = Release|Any CPU
		{F2547316-CA7B-5EA3-D420-4BB58D8540FA}.Release|Any CPU.Build.0 = Release|Any CPU
	EndGlobalSection
	GlobalSection(SolutionProperties) = preSolution
		HideSolutionNode = FALSE
	EndGlobalSection
	
EndGlobal
